// !$*UTF8*$!
{
	archiveVersion = 1;
	classes = {
	};
	objectVersion = 46;
	objects = {

/* Begin PBXBuildFile section */
		0906D82E14B4D9AC0093FA7D /* no-network.png in Resources */ = {isa = PBXBuildFile; fileRef = 0906D82A14B4D9AC0093FA7D /* no-network.png */; };
		0906D82F14B4D9AC0093FA7D /* no-opendns.png in Resources */ = {isa = PBXBuildFile; fileRef = 0906D82B14B4D9AC0093FA7D /* no-opendns.png */; };
		0906D83014B4D9AC0093FA7D /* yes-opendns-no-crypt.png in Resources */ = {isa = PBXBuildFile; fileRef = 0906D82C14B4D9AC0093FA7D /* yes-opendns-no-crypt.png */; };
		0906D83114B4D9AC0093FA7D /* yes-opendns-yes-crypt.png in Resources */ = {isa = PBXBuildFile; fileRef = 0906D82D14B4D9AC0093FA7D /* yes-opendns-yes-crypt.png */; };
		09651148147D832D007FEE31 /* dnscrypt.icns in Resources */ = {isa = PBXBuildFile; fileRef = 09651147147D832D007FEE31 /* dnscrypt.icns */; };
		096AEEFA1468A11E009F2AA4 /* dsa_pub.pem in Resources */ = {isa = PBXBuildFile; fileRef = 096AEEF91468A11E009F2AA4 /* dsa_pub.pem */; };
		0970EAAB160A5B1600865D5D /* Sparkle.framework in CopyFiles */ = {isa = PBXBuildFile; fileRef = 09F4DDA816019D0D002C4E04 /* Sparkle.framework */; };
		09A13AD2145F3B9000B227A4 /* Cocoa.framework in Frameworks */ = {isa = PBXBuildFile; fileRef = 09A13AD1145F3B9000B227A4 /* Cocoa.framework */; };
		09A13ADC145F3B9000B227A4 /* InfoPlist.strings in Resources */ = {isa = PBXBuildFile; fileRef = 09A13ADA145F3B9000B227A4 /* InfoPlist.strings */; };
		09A13ADE145F3B9000B227A4 /* main.m in Sources */ = {isa = PBXBuildFile; fileRef = 09A13ADD145F3B9000B227A4 /* main.m */; };
		09A13AE2145F3B9000B227A4 /* Credits.rtf in Resources */ = {isa = PBXBuildFile; fileRef = 09A13AE0145F3B9000B227A4 /* Credits.rtf */; };
		09A13AE5145F3B9000B227A4 /* AppDelegate.m in Sources */ = {isa = PBXBuildFile; fileRef = 09A13AE4145F3B9000B227A4 /* AppDelegate.m */; };
		09A13AE8145F3B9000B227A4 /* MainMenu.xib in Resources */ = {isa = PBXBuildFile; fileRef = 09A13AE6145F3B9000B227A4 /* MainMenu.xib */; };
		09F4DDA916019D0D002C4E04 /* Sparkle.framework in Frameworks */ = {isa = PBXBuildFile; fileRef = 09F4DDA816019D0D002C4E04 /* Sparkle.framework */; };
/* End PBXBuildFile section */

/* Begin PBXCopyFilesBuildPhase section */
		0970EAA9160A5B0000865D5D /* CopyFiles */ = {
			isa = PBXCopyFilesBuildPhase;
			buildActionMask = 2147483647;
			dstPath = "";
			dstSubfolderSpec = 10;
			files = (
				0970EAAB160A5B1600865D5D /* Sparkle.framework in CopyFiles */,
			);
			runOnlyForDeploymentPostprocessing = 0;
		};
/* End PBXCopyFilesBuildPhase section */

/* Begin PBXFileReference section */
		0906D82A14B4D9AC0093FA7D /* no-network.png */ = {isa = PBXFileReference; lastKnownFileType = image.png; path = "no-network.png"; sourceTree = "<group>"; };
		0906D82B14B4D9AC0093FA7D /* no-opendns.png */ = {isa = PBXFileReference; lastKnownFileType = image.png; path = "no-opendns.png"; sourceTree = "<group>"; };
		0906D82C14B4D9AC0093FA7D /* yes-opendns-no-crypt.png */ = {isa = PBXFileReference; lastKnownFileType = image.png; path = "yes-opendns-no-crypt.png"; sourceTree = "<group>"; };
		0906D82D14B4D9AC0093FA7D /* yes-opendns-yes-crypt.png */ = {isa = PBXFileReference; lastKnownFileType = image.png; path = "yes-opendns-yes-crypt.png"; sourceTree = "<group>"; };
		09651147147D832D007FEE31 /* dnscrypt.icns */ = {isa = PBXFileReference; lastKnownFileType = image.icns; name = dnscrypt.icns; path = ../dnscrypt.icns; sourceTree = "<group>"; };
		096AEEF91468A11E009F2AA4 /* dsa_pub.pem */ = {isa = PBXFileReference; fileEncoding = 4; lastKnownFileType = text; path = dsa_pub.pem; sourceTree = "<group>"; };
		09A13ACD145F3B9000B227A4 /* DNSCrypt Menubar.app */ = {isa = PBXFileReference; explicitFileType = wrapper.application; includeInIndex = 0; path = "DNSCrypt Menubar.app"; sourceTree = BUILT_PRODUCTS_DIR; };
		09A13AD1145F3B9000B227A4 /* Cocoa.framework */ = {isa = PBXFileReference; lastKnownFileType = wrapper.framework; name = Cocoa.framework; path = System/Library/Frameworks/Cocoa.framework; sourceTree = SDKROOT; };
		09A13AD4145F3B9000B227A4 /* AppKit.framework */ = {isa = PBXFileReference; lastKnownFileType = wrapper.framework; name = AppKit.framework; path = System/Library/Frameworks/AppKit.framework; sourceTree = SDKROOT; };
		09A13AD5145F3B9000B227A4 /* CoreData.framework */ = {isa = PBXFileReference; lastKnownFileType = wrapper.framework; name = CoreData.framework; path = System/Library/Frameworks/CoreData.framework; sourceTree = SDKROOT; };
		09A13AD6145F3B9000B227A4 /* Foundation.framework */ = {isa = PBXFileReference; lastKnownFileType = wrapper.framework; name = Foundation.framework; path = System/Library/Frameworks/Foundation.framework; sourceTree = SDKROOT; };
		09A13AD9145F3B9000B227A4 /* DNSCrypt-Menubar-Info.plist */ = {isa = PBXFileReference; lastKnownFileType = text.plist.xml; path = "DNSCrypt-Menubar-Info.plist"; sourceTree = "<group>"; };
		09A13ADB145F3B9000B227A4 /* en */ = {isa = PBXFileReference; lastKnownFileType = text.plist.strings; name = en; path = en.lproj/InfoPlist.strings; sourceTree = "<group>"; };
		09A13ADD145F3B9000B227A4 /* main.m */ = {isa = PBXFileReference; lastKnownFileType = sourcecode.c.objc; path = main.m; sourceTree = "<group>"; };
		09A13ADF145F3B9000B227A4 /* DNSCrypt-Menubar-Prefix.pch */ = {isa = PBXFileReference; lastKnownFileType = sourcecode.c.h; path = "DNSCrypt-Menubar-Prefix.pch"; sourceTree = "<group>"; };
		09A13AE1145F3B9000B227A4 /* en */ = {isa = PBXFileReference; lastKnownFileType = text.rtf; name = en; path = en.lproj/Credits.rtf; sourceTree = "<group>"; };
		09A13AE3145F3B9000B227A4 /* AppDelegate.h */ = {isa = PBXFileReference; lastKnownFileType = sourcecode.c.h; path = AppDelegate.h; sourceTree = "<group>"; };
		09A13AE4145F3B9000B227A4 /* AppDelegate.m */ = {isa = PBXFileReference; lastKnownFileType = sourcecode.c.objc; path = AppDelegate.m; sourceTree = "<group>"; };
		09A13AE7145F3B9000B227A4 /* en */ = {isa = PBXFileReference; lastKnownFileType = file.xib; name = en; path = en.lproj/MainMenu.xib; sourceTree = "<group>"; };
		09F4DDA816019D0D002C4E04 /* Sparkle.framework */ = {isa = PBXFileReference; lastKnownFileType = wrapper.framework; path = Sparkle.framework; sourceTree = "<group>"; };
/* End PBXFileReference section */

/* Begin PBXFrameworksBuildPhase section */
		09A13ACA145F3B9000B227A4 /* Frameworks */ = {
			isa = PBXFrameworksBuildPhase;
			buildActionMask = 2147483647;
			files = (
				09A13AD2145F3B9000B227A4 /* Cocoa.framework in Frameworks */,
				09F4DDA916019D0D002C4E04 /* Sparkle.framework in Frameworks */,
			);
			runOnlyForDeploymentPostprocessing = 0;
		};
/* End PBXFrameworksBuildPhase section */

/* Begin PBXGroup section */
		09A13AC2145F3B9000B227A4 = {
			isa = PBXGroup;
			children = (
				09A13AD7145F3B9000B227A4 /* DNSCrypt-Menubar */,
				09A13AD0145F3B9000B227A4 /* Frameworks */,
				09A13ACE145F3B9000B227A4 /* Products */,
			);
			sourceTree = "<group>";
		};
		09A13ACE145F3B9000B227A4 /* Products */ = {
			isa = PBXGroup;
			children = (
				09A13ACD145F3B9000B227A4 /* DNSCrypt Menubar.app */,
			);
			name = Products;
			sourceTree = "<group>";
		};
		09A13AD0145F3B9000B227A4 /* Frameworks */ = {
			isa = PBXGroup;
			children = (
				09F4DDA816019D0D002C4E04 /* Sparkle.framework */,
				09A13AD1145F3B9000B227A4 /* Cocoa.framework */,
				09A13AD3145F3B9000B227A4 /* Other Frameworks */,
			);
			name = Frameworks;
			sourceTree = "<group>";
		};
		09A13AD3145F3B9000B227A4 /* Other Frameworks */ = {
			isa = PBXGroup;
			children = (
				09A13AD4145F3B9000B227A4 /* AppKit.framework */,
				09A13AD5145F3B9000B227A4 /* CoreData.framework */,
				09A13AD6145F3B9000B227A4 /* Foundation.framework */,
			);
			name = "Other Frameworks";
			sourceTree = "<group>";
		};
		09A13AD7145F3B9000B227A4 /* DNSCrypt-Menubar */ = {
			isa = PBXGroup;
			children = (
				09A13AE3145F3B9000B227A4 /* AppDelegate.h */,
				09A13AE4145F3B9000B227A4 /* AppDelegate.m */,
				09A13AE6145F3B9000B227A4 /* MainMenu.xib */,
				09A13AD8145F3B9000B227A4 /* Supporting Files */,
			);
			path = "DNSCrypt-Menubar";
			sourceTree = "<group>";
		};
		09A13AD8145F3B9000B227A4 /* Supporting Files */ = {
			isa = PBXGroup;
			children = (
				09651147147D832D007FEE31 /* dnscrypt.icns */,
				09A13AD9145F3B9000B227A4 /* DNSCrypt-Menubar-Info.plist */,
				09A13ADA145F3B9000B227A4 /* InfoPlist.strings */,
				09A13ADD145F3B9000B227A4 /* main.m */,
				09A13ADF145F3B9000B227A4 /* DNSCrypt-Menubar-Prefix.pch */,
				09A13AE0145F3B9000B227A4 /* Credits.rtf */,
				096AEEF91468A11E009F2AA4 /* dsa_pub.pem */,
				0906D82A14B4D9AC0093FA7D /* no-network.png */,
				0906D82B14B4D9AC0093FA7D /* no-opendns.png */,
				0906D82C14B4D9AC0093FA7D /* yes-opendns-no-crypt.png */,
				0906D82D14B4D9AC0093FA7D /* yes-opendns-yes-crypt.png */,
			);
			name = "Supporting Files";
			sourceTree = "<group>";
		};
/* End PBXGroup section */

/* Begin PBXNativeTarget section */
		09A13ACC145F3B9000B227A4 /* DNSCrypt-Menubar */ = {
			isa = PBXNativeTarget;
			buildConfigurationList = 09A13AEB145F3B9000B227A4 /* Build configuration list for PBXNativeTarget "DNSCrypt-Menubar" */;
			buildPhases = (
				09A13AC9145F3B9000B227A4 /* Sources */,
				09A13ACA145F3B9000B227A4 /* Frameworks */,
				09A13ACB145F3B9000B227A4 /* Resources */,
				0970EAA9160A5B0000865D5D /* CopyFiles */,
			);
			buildRules = (
			);
			dependencies = (
			);
			name = "DNSCrypt-Menubar";
			productName = "DNSCrypt-Menubar";
			productReference = 09A13ACD145F3B9000B227A4 /* DNSCrypt Menubar.app */;
			productType = "com.apple.product-type.application";
		};
/* End PBXNativeTarget section */

/* Begin PBXProject section */
		09A13AC4145F3B9000B227A4 /* Project object */ = {
			isa = PBXProject;
			attributes = {
				LastUpgradeCheck = 0460;
			};
			buildConfigurationList = 09A13AC7145F3B9000B227A4 /* Build configuration list for PBXProject "DNSCrypt-Menubar" */;
			compatibilityVersion = "Xcode 3.2";
			developmentRegion = English;
			hasScannedForEncodings = 0;
			knownRegions = (
				en,
			);
			mainGroup = 09A13AC2145F3B9000B227A4;
			productRefGroup = 09A13ACE145F3B9000B227A4 /* Products */;
			projectDirPath = "";
			projectRoot = "";
			targets = (
				09A13ACC145F3B9000B227A4 /* DNSCrypt-Menubar */,
			);
		};
/* End PBXProject section */

/* Begin PBXResourcesBuildPhase section */
		09A13ACB145F3B9000B227A4 /* Resources */ = {
			isa = PBXResourcesBuildPhase;
			buildActionMask = 2147483647;
			files = (
				09A13ADC145F3B9000B227A4 /* InfoPlist.strings in Resources */,
				09A13AE2145F3B9000B227A4 /* Credits.rtf in Resources */,
				09A13AE8145F3B9000B227A4 /* MainMenu.xib in Resources */,
				096AEEFA1468A11E009F2AA4 /* dsa_pub.pem in Resources */,
				09651148147D832D007FEE31 /* dnscrypt.icns in Resources */,
				0906D82E14B4D9AC0093FA7D /* no-network.png in Resources */,
				0906D82F14B4D9AC0093FA7D /* no-opendns.png in Resources */,
				0906D83014B4D9AC0093FA7D /* yes-opendns-no-crypt.png in Resources */,
				0906D83114B4D9AC0093FA7D /* yes-opendns-yes-crypt.png in Resources */,
			);
			runOnlyForDeploymentPostprocessing = 0;
		};
/* End PBXResourcesBuildPhase section */

/* Begin PBXSourcesBuildPhase section */
		09A13AC9145F3B9000B227A4 /* Sources */ = {
			isa = PBXSourcesBuildPhase;
			buildActionMask = 2147483647;
			files = (
				09A13ADE145F3B9000B227A4 /* main.m in Sources */,
				09A13AE5145F3B9000B227A4 /* AppDelegate.m in Sources */,
			);
			runOnlyForDeploymentPostprocessing = 0;
		};
/* End PBXSourcesBuildPhase section */

/* Begin PBXVariantGroup section */
		09A13ADA145F3B9000B227A4 /* InfoPlist.strings */ = {
			isa = PBXVariantGroup;
			children = (
				09A13ADB145F3B9000B227A4 /* en */,
			);
			name = InfoPlist.strings;
			sourceTree = "<group>";
		};
		09A13AE0145F3B9000B227A4 /* Credits.rtf */ = {
			isa = PBXVariantGroup;
			children = (
				09A13AE1145F3B9000B227A4 /* en */,
			);
			name = Credits.rtf;
			sourceTree = "<group>";
		};
		09A13AE6145F3B9000B227A4 /* MainMenu.xib */ = {
			isa = PBXVariantGroup;
			children = (
				09A13AE7145F3B9000B227A4 /* en */,
			);
			name = MainMenu.xib;
			sourceTree = "<group>";
		};
/* End PBXVariantGroup section */

/* Begin XCBuildConfiguration section */
		09A13AE9145F3B9000B227A4 /* Debug */ = {
			isa = XCBuildConfiguration;
			buildSettings = {
				ALWAYS_SEARCH_USER_PATHS = NO;
				ARCHS = "$(ARCHS_STANDARD_32_64_BIT)";
				CLANG_ENABLE_OBJC_ARC = NO;
				CLANG_WARN_CONSTANT_CONVERSION = YES;
				CLANG_WARN_INT_CONVERSION = YES;
				CLANG_WARN__DUPLICATE_METHOD_MATCH = YES;
				COPY_PHASE_STRIP = NO;
				GCC_C_LANGUAGE_STANDARD = gnu99;
				GCC_DYNAMIC_NO_PIC = NO;
				GCC_ENABLE_OBJC_EXCEPTIONS = YES;
				GCC_OPTIMIZATION_LEVEL = 0;
				GCC_PREPROCESSOR_DEFINITIONS = (
					"DEBUG=1",
					"$(inherited)",
				);
				GCC_SYMBOLS_PRIVATE_EXTERN = NO;
				GCC_VERSION = com.apple.compilers.llvm.clang.1_0;
				GCC_WARN_64_TO_32_BIT_CONVERSION = YES;
				GCC_WARN_ABOUT_MISSING_PROTOTYPES = YES;
				GCC_WARN_ABOUT_RETURN_TYPE = YES;
				GCC_WARN_UNINITIALIZED_AUTOS = YES;
				GCC_WARN_UNUSED_VARIABLE = YES;
				MACOSX_DEPLOYMENT_TARGET = 10.6;
				ONLY_ACTIVE_ARCH = YES;
				SDKROOT = macosx;
			};
			name = Debug;
		};
		09A13AEA145F3B9000B227A4 /* Release */ = {
			isa = XCBuildConfiguration;
			buildSettings = {
				ALWAYS_SEARCH_USER_PATHS = NO;
				ARCHS = "$(ARCHS_STANDARD_32_64_BIT)";
				CLANG_ENABLE_OBJC_ARC = NO;
				CLANG_WARN_CONSTANT_CONVERSION = YES;
				CLANG_WARN_INT_CONVERSION = YES;
				CLANG_WARN__DUPLICATE_METHOD_MATCH = YES;
				COPY_PHASE_STRIP = NO;
				DEBUG_INFORMATION_FORMAT = "dwarf-with-dsym";
				GCC_C_LANGUAGE_STANDARD = gnu99;
				GCC_ENABLE_OBJC_EXCEPTIONS = YES;
				GCC_VERSION = com.apple.compilers.llvm.clang.1_0;
				GCC_WARN_64_TO_32_BIT_CONVERSION = YES;
				GCC_WARN_ABOUT_MISSING_PROTOTYPES = YES;
				GCC_WARN_ABOUT_RETURN_TYPE = YES;
				GCC_WARN_UNINITIALIZED_AUTOS = YES;
				GCC_WARN_UNUSED_VARIABLE = YES;
				MACOSX_DEPLOYMENT_TARGET = 10.6;
				SDKROOT = macosx;
			};
			name = Release;
		};
		09A13AEC145F3B9000B227A4 /* Debug */ = {
			isa = XCBuildConfiguration;
			buildSettings = {
				COMBINE_HIDPI_IMAGES = YES;
				FRAMEWORK_SEARCH_PATHS = (
					"$(inherited)",
					"\"$(SRCROOT)\"",
					"\"$(SRCROOT)/../../../../../Library/Developer/Xcode/DerivedData/Sparkle-evkudstnytcsfdeunmxihhpyexor/Build/Products/Release\"",
				);
				GCC_PRECOMPILE_PREFIX_HEADER = YES;
				GCC_PREFIX_HEADER = "DNSCrypt-Menubar/DNSCrypt-Menubar-Prefix.pch";
				INFOPLIST_FILE = "DNSCrypt-Menubar/DNSCrypt-Menubar-Info.plist";
				PRODUCT_NAME = "DNSCrypt Menubar";
				WRAPPER_EXTENSION = app;
			};
			name = Debug;
		};
		09A13AED145F3B9000B227A4 /* Release */ = {
			isa = XCBuildConfiguration;
			buildSettings = {
				COMBINE_HIDPI_IMAGES = YES;
				FRAMEWORK_SEARCH_PATHS = (
					"$(inherited)",
					"\"$(SRCROOT)\"",
					"\"$(SRCROOT)/../../../../../Library/Developer/Xcode/DerivedData/Sparkle-evkudstnytcsfdeunmxihhpyexor/Build/Products/Release\"",
				);
				GCC_PRECOMPILE_PREFIX_HEADER = YES;
				GCC_PREFIX_HEADER = "DNSCrypt-Menubar/DNSCrypt-Menubar-Prefix.pch";
				INFOPLIST_FILE = "DNSCrypt-Menubar/DNSCrypt-Menubar-Info.plist";
				PRODUCT_NAME = "DNSCrypt Menubar";
				WRAPPER_EXTENSION = app;
			};
			name = Release;
		};
/* End XCBuildConfiguration section */

/* Begin XCConfigurationList section */
		09A13AC7145F3B9000B227A4 /* Build configuration list for PBXProject "DNSCrypt-Menubar" */ = {
			isa = XCConfigurationList;
			buildConfigurations = (
				09A13AE9145F3B9000B227A4 /* Debug */,
				09A13AEA145F3B9000B227A4 /* Release */,
			);
			defaultConfigurationIsVisible = 0;
			defaultConfigurationName = Release;
		};
		09A13AEB145F3B9000B227A4 /* Build configuration list for PBXNativeTarget "DNSCrypt-Menubar" */ = {
			isa = XCConfigurationList;
			buildConfigurations = (
				09A13AEC145F3B9000B227A4 /* Debug */,
				09A13AED145F3B9000B227A4 /* Release */,
			);
			defaultConfigurationIsVisible = 0;
			defaultConfigurationName = Release;
		};
/* End XCConfigurationList section */
	};
	rootObject = 09A13AC4145F3B9000B227A4 /* Project object */;
}
